
Microsoft Visual Studio Solution File, Format Version 12.00
# Visual Studio 2013
VisualStudioVersion = 12.0.30501.0
MinimumVisualStudioVersion = 10.0.40219.1
Project("{FAE04EC0-301F-11D3-BF4B-00C04F79EFBC}") = "MicroWorld", "Microworld\Microworld\MicroWorld.csproj", "{7C4EC2F2-8332-426C-BAAE-5D088D3BC180}"
EndProject
Project("{FAE04EC0-301F-11D3-BF4B-00C04F79EFBC}") = "MicroWorldContent", "Microworld\MicroworldContent\MicroWorldContent.contentproj", "{E3E2563D-E7FC-4699-A575-657361BCA8F3}"
EndProject
Project("{FAE04EC0-301F-11D3-BF4B-00C04F79EFBC}") = "BaseComponents", "BaseComponents\BaseComponents.csproj", "{9431E01C-BE85-4705-B207-E716A7CB057E}"
EndProject
Project("{FAE04EC0-301F-11D3-BF4B-00C04F79EFBC}") = "MagnetComponents", "MagnetComponents\MagnetComponents.csproj", "{1B0F3579-A389-4D64-AD80-6DD994BA664D}"
EndProject
Project("{FAE04EC0-301F-11D3-BF4B-00C04F79EFBC}") = "MotorComponents", "MotorComponents\MotorComponents.csproj", "{5485967A-9F65-4409-9D69-CC08DEFDECE2}"
EndProject
Project("{FAE04EC0-301F-11D3-BF4B-00C04F79EFBC}") = "AdvancedLogicComponets", "AdvancedLogicComponets\AdvancedLogicComponets.csproj", "{B2D7FC13-17E6-4441-BE3F-E0DC11B52542}"
EndProject
Project("{FAE04EC0-301F-11D3-BF4B-00C04F79EFBC}") = "AdvancedComponents", "AdvancedComponents\AdvancedComponents.csproj", "{D90ACB9D-549F-495F-ABDE-EB425B1A3A53}"
EndProject
Global
	GlobalSection(SolutionConfigurationPlatforms) = preSolution
		Android|Any CPU = Android|Any CPU
		Android|Mixed Platforms = Android|Mixed Platforms
		Android|x86 = Android|x86
		Debug|Any CPU = Debug|Any CPU
		Debug|Mixed Platforms = Debug|Mixed Platforms
		Debug|x86 = Debug|x86
		iOS|Any CPU = iOS|Any CPU
		iOS|Mixed Platforms = iOS|Mixed Platforms
		iOS|x86 = iOS|x86
		Linux|Any CPU = Linux|Any CPU
		Linux|Mixed Platforms = Linux|Mixed Platforms
		Linux|x86 = Linux|x86
		OSX|Any CPU = OSX|Any CPU
		OSX|Mixed Platforms = OSX|Mixed Platforms
		OSX|x86 = OSX|x86
		PSM|Any CPU = PSM|Any CPU
		PSM|Mixed Platforms = PSM|Mixed Platforms
		PSM|x86 = PSM|x86
		Release|Any CPU = Release|Any CPU
		Release|Mixed Platforms = Release|Mixed Platforms
		Release|x86 = Release|x86
		Windows|Any CPU = Windows|Any CPU
		Windows|Mixed Platforms = Windows|Mixed Platforms
		Windows|x86 = Windows|x86
		Windows8|Any CPU = Windows8|Any CPU
		Windows8|Mixed Platforms = Windows8|Mixed Platforms
		Windows8|x86 = Windows8|x86
	EndGlobalSection
	GlobalSection(ProjectConfigurationPlatforms) = postSolution
		{7C4EC2F2-8332-426C-BAAE-5D088D3BC180}.Android|Any CPU.ActiveCfg = Release|x86
		{7C4EC2F2-8332-426C-BAAE-5D088D3BC180}.Android|Mixed Platforms.ActiveCfg = Release|x86
		{7C4EC2F2-8332-426C-BAAE-5D088D3BC180}.Android|Mixed Platforms.Build.0 = Release|x86
		{7C4EC2F2-8332-426C-BAAE-5D088D3BC180}.Android|x86.ActiveCfg = Release|x86
		{7C4EC2F2-8332-426C-BAAE-5D088D3BC180}.Android|x86.Build.0 = Release|x86
		{7C4EC2F2-8332-426C-BAAE-5D088D3BC180}.Debug|Any CPU.ActiveCfg = Debug|x86
		{7C4EC2F2-8332-426C-BAAE-5D088D3BC180}.Debug|Mixed Platforms.ActiveCfg = Debug|x86
		{7C4EC2F2-8332-426C-BAAE-5D088D3BC180}.Debug|Mixed Platforms.Build.0 = Debug|x86
		{7C4EC2F2-8332-426C-BAAE-5D088D3BC180}.Debug|x86.ActiveCfg = Debug|x86
		{7C4EC2F2-8332-426C-BAAE-5D088D3BC180}.Debug|x86.Build.0 = Debug|x86
		{7C4EC2F2-8332-426C-BAAE-5D088D3BC180}.iOS|Any CPU.ActiveCfg = Release|x86
		{7C4EC2F2-8332-426C-BAAE-5D088D3BC180}.iOS|Mixed Platforms.ActiveCfg = Release|x86
		{7C4EC2F2-8332-426C-BAAE-5D088D3BC180}.iOS|Mixed Platforms.Build.0 = Release|x86
		{7C4EC2F2-8332-426C-BAAE-5D088D3BC180}.iOS|x86.ActiveCfg = Release|x86
		{7C4EC2F2-8332-426C-BAAE-5D088D3BC180}.iOS|x86.Build.0 = Release|x86
		{7C4EC2F2-8332-426C-BAAE-5D088D3BC180}.Linux|Any CPU.ActiveCfg = Release|x86
		{7C4EC2F2-8332-426C-BAAE-5D088D3BC180}.Linux|Mixed Platforms.ActiveCfg = Release|x86
		{7C4EC2F2-8332-426C-BAAE-5D088D3BC180}.Linux|Mixed Platforms.Build.0 = Release|x86
		{7C4EC2F2-8332-426C-BAAE-5D088D3BC180}.Linux|x86.ActiveCfg = Release|x86
		{7C4EC2F2-8332-426C-BAAE-5D088D3BC180}.Linux|x86.Build.0 = Release|x86
		{7C4EC2F2-8332-426C-BAAE-5D088D3BC180}.OSX|Any CPU.ActiveCfg = Release|x86
		{7C4EC2F2-8332-426C-BAAE-5D088D3BC180}.OSX|Mixed Platforms.ActiveCfg = Release|x86
		{7C4EC2F2-8332-426C-BAAE-5D088D3BC180}.OSX|Mixed Platforms.Build.0 = Release|x86
		{7C4EC2F2-8332-426C-BAAE-5D088D3BC180}.OSX|x86.ActiveCfg = Release|x86
		{7C4EC2F2-8332-426C-BAAE-5D088D3BC180}.OSX|x86.Build.0 = Release|x86
		{7C4EC2F2-8332-426C-BAAE-5D088D3BC180}.PSM|Any CPU.ActiveCfg = Release|x86
		{7C4EC2F2-8332-426C-BAAE-5D088D3BC180}.PSM|Mixed Platforms.ActiveCfg = Release|x86
		{7C4EC2F2-8332-426C-BAAE-5D088D3BC180}.PSM|Mixed Platforms.Build.0 = Release|x86
		{7C4EC2F2-8332-426C-BAAE-5D088D3BC180}.PSM|x86.ActiveCfg = Release|x86
		{7C4EC2F2-8332-426C-BAAE-5D088D3BC180}.PSM|x86.Build.0 = Release|x86
		{7C4EC2F2-8332-426C-BAAE-5D088D3BC180}.Release|Any CPU.ActiveCfg = Release|x86
		{7C4EC2F2-8332-426C-BAAE-5D088D3BC180}.Release|Mixed Platforms.ActiveCfg = Release|x86
		{7C4EC2F2-8332-426C-BAAE-5D088D3BC180}.Release|Mixed Platforms.Build.0 = Release|x86
		{7C4EC2F2-8332-426C-BAAE-5D088D3BC180}.Release|x86.ActiveCfg = Release|x86
		{7C4EC2F2-8332-426C-BAAE-5D088D3BC180}.Release|x86.Build.0 = Release|x86
		{7C4EC2F2-8332-426C-BAAE-5D088D3BC180}.Windows|Any CPU.ActiveCfg = Release|x86
		{7C4EC2F2-8332-426C-BAAE-5D088D3BC180}.Windows|Mixed Platforms.ActiveCfg = Release|x86
		{7C4EC2F2-8332-426C-BAAE-5D088D3BC180}.Windows|Mixed Platforms.Build.0 = Release|x86
		{7C4EC2F2-8332-426C-BAAE-5D088D3BC180}.Windows|x86.ActiveCfg = Release|x86
		{7C4EC2F2-8332-426C-BAAE-5D088D3BC180}.Windows|x86.Build.0 = Release|x86
		{7C4EC2F2-8332-426C-BAAE-5D088D3BC180}.Windows8|Any CPU.ActiveCfg = Release|x86
		{7C4EC2F2-8332-426C-BAAE-5D088D3BC180}.Windows8|Mixed Platforms.ActiveCfg = Release|x86
		{7C4EC2F2-8332-426C-BAAE-5D088D3BC180}.Windows8|Mixed Platforms.Build.0 = Release|x86
		{7C4EC2F2-8332-426C-BAAE-5D088D3BC180}.Windows8|x86.ActiveCfg = Release|x86
		{7C4EC2F2-8332-426C-BAAE-5D088D3BC180}.Windows8|x86.Build.0 = Release|x86
		{E3E2563D-E7FC-4699-A575-657361BCA8F3}.Android|Any CPU.ActiveCfg = Release|x86
		{E3E2563D-E7FC-4699-A575-657361BCA8F3}.Android|Mixed Platforms.ActiveCfg = Release|x86
		{E3E2563D-E7FC-4699-A575-657361BCA8F3}.Android|x86.ActiveCfg = Release|x86
		{E3E2563D-E7FC-4699-A575-657361BCA8F3}.Debug|Any CPU.ActiveCfg = Debug|x86
		{E3E2563D-E7FC-4699-A575-657361BCA8F3}.Debug|Mixed Platforms.ActiveCfg = Debug|x86
		{E3E2563D-E7FC-4699-A575-657361BCA8F3}.Debug|x86.ActiveCfg = Debug|x86
		{E3E2563D-E7FC-4699-A575-657361BCA8F3}.iOS|Any CPU.ActiveCfg = Release|x86
		{E3E2563D-E7FC-4699-A575-657361BCA8F3}.iOS|Mixed Platforms.ActiveCfg = Release|x86
		{E3E2563D-E7FC-4699-A575-657361BCA8F3}.iOS|x86.ActiveCfg = Release|x86
		{E3E2563D-E7FC-4699-A575-657361BCA8F3}.Linux|Any CPU.ActiveCfg = Release|x86
		{E3E2563D-E7FC-4699-A575-657361BCA8F3}.Linux|Mixed Platforms.ActiveCfg = Release|x86
		{E3E2563D-E7FC-4699-A575-657361BCA8F3}.Linux|x86.ActiveCfg = Release|x86
		{E3E2563D-E7FC-4699-A575-657361BCA8F3}.OSX|Any CPU.ActiveCfg = Release|x86
		{E3E2563D-E7FC-4699-A575-657361BCA8F3}.OSX|Mixed Platforms.ActiveCfg = Release|x86
		{E3E2563D-E7FC-4699-A575-657361BCA8F3}.OSX|x86.ActiveCfg = Release|x86
		{E3E2563D-E7FC-4699-A575-657361BCA8F3}.PSM|Any CPU.ActiveCfg = Release|x86
		{E3E2563D-E7FC-4699-A575-657361BCA8F3}.PSM|Mixed Platforms.ActiveCfg = Release|x86
		{E3E2563D-E7FC-4699-A575-657361BCA8F3}.PSM|x86.ActiveCfg = Release|x86
		{E3E2563D-E7FC-4699-A575-657361BCA8F3}.Release|Any CPU.ActiveCfg = Release|x86
		{E3E2563D-E7FC-4699-A575-657361BCA8F3}.Release|Mixed Platforms.ActiveCfg = Release|x86
		{E3E2563D-E7FC-4699-A575-657361BCA8F3}.Release|x86.ActiveCfg = Release|x86
		{E3E2563D-E7FC-4699-A575-657361BCA8F3}.Windows|Any CPU.ActiveCfg = Release|x86
		{E3E2563D-E7FC-4699-A575-657361BCA8F3}.Windows|Mixed Platforms.ActiveCfg = Release|x86
		{E3E2563D-E7FC-4699-A575-657361BCA8F3}.Windows|x86.ActiveCfg = Release|x86
		{E3E2563D-E7FC-4699-A575-657361BCA8F3}.Windows8|Any CPU.ActiveCfg = Release|x86
		{E3E2563D-E7FC-4699-A575-657361BCA8F3}.Windows8|Mixed Platforms.ActiveCfg = Release|x86
		{E3E2563D-E7FC-4699-A575-657361BCA8F3}.Windows8|x86.ActiveCfg = Release|x86
		{9431E01C-BE85-4705-B207-E716A7CB057E}.Android|Any CPU.ActiveCfg = Release|Any CPU
		{9431E01C-BE85-4705-B207-E716A7CB057E}.Android|Any CPU.Build.0 = Release|Any CPU
		{9431E01C-BE85-4705-B207-E716A7CB057E}.Android|Mixed Platforms.ActiveCfg = Release|Any CPU
		{9431E01C-BE85-4705-B207-E716A7CB057E}.Android|Mixed Platforms.Build.0 = Release|Any CPU
		{9431E01C-BE85-4705-B207-E716A7CB057E}.Android|x86.ActiveCfg = Release|Any CPU
		{9431E01C-BE85-4705-B207-E716A7CB057E}.Debug|Any CPU.ActiveCfg = Debug|Any CPU
		{9431E01C-BE85-4705-B207-E716A7CB057E}.Debug|Any CPU.Build.0 = Debug|Any CPU
		{9431E01C-BE85-4705-B207-E716A7CB057E}.Debug|Mixed Platforms.ActiveCfg = Debug|Any CPU
		{9431E01C-BE85-4705-B207-E716A7CB057E}.Debug|Mixed Platforms.Build.0 = Debug|Any CPU
		{9431E01C-BE85-4705-B207-E716A7CB057E}.Debug|x86.ActiveCfg = Debug|Any CPU
		{9431E01C-BE85-4705-B207-E716A7CB057E}.iOS|Any CPU.ActiveCfg = Release|Any CPU
		{9431E01C-BE85-4705-B207-E716A7CB057E}.iOS|Any CPU.Build.0 = Release|Any CPU
		{9431E01C-BE85-4705-B207-E716A7CB057E}.iOS|Mixed Platforms.ActiveCfg = Release|Any CPU
		{9431E01C-BE85-4705-B207-E716A7CB057E}.iOS|Mixed Platforms.Build.0 = Release|Any CPU
		{9431E01C-BE85-4705-B207-E716A7CB057E}.iOS|x86.ActiveCfg = Release|Any CPU
		{9431E01C-BE85-4705-B207-E716A7CB057E}.Linux|Any CPU.ActiveCfg = Release|Any CPU
		{9431E01C-BE85-4705-B207-E716A7CB057E}.Linux|Any CPU.Build.0 = Release|Any CPU
		{9431E01C-BE85-4705-B207-E716A7CB057E}.Linux|Mixed Platforms.ActiveCfg = Release|Any CPU
		{9431E01C-BE85-4705-B207-E716A7CB057E}.Linux|Mixed Platforms.Build.0 = Release|Any CPU
		{9431E01C-BE85-4705-B207-E716A7CB057E}.Linux|x86.ActiveCfg = Release|Any CPU
		{9431E01C-BE85-4705-B207-E716A7CB057E}.OSX|Any CPU.ActiveCfg = Release|Any CPU
		{9431E01C-BE85-4705-B207-E716A7CB057E}.OSX|Any CPU.Build.0 = Release|Any CPU
		{9431E01C-BE85-4705-B207-E716A7CB057E}.OSX|Mixed Platforms.ActiveCfg = Release|Any CPU
		{9431E01C-BE85-4705-B207-E716A7CB057E}.OSX|Mixed Platforms.Build.0 = Release|Any CPU
		{9431E01C-BE85-4705-B207-E716A7CB057E}.OSX|x86.ActiveCfg = Release|Any CPU
		{9431E01C-BE85-4705-B207-E716A7CB057E}.PSM|Any CPU.ActiveCfg = Release|Any CPU
		{9431E01C-BE85-4705-B207-E716A7CB057E}.PSM|Any CPU.Build.0 = Release|Any CPU
		{9431E01C-BE85-4705-B207-E716A7CB057E}.PSM|Mixed Platforms.ActiveCfg = Release|Any CPU
		{9431E01C-BE85-4705-B207-E716A7CB057E}.PSM|Mixed Platforms.Build.0 = Release|Any CPU
		{9431E01C-BE85-4705-B207-E716A7CB057E}.PSM|x86.ActiveCfg = Release|Any CPU
		{9431E01C-BE85-4705-B207-E716A7CB057E}.Release|Any CPU.ActiveCfg = Release|Any CPU
		{9431E01C-BE85-4705-B207-E716A7CB057E}.Release|Any CPU.Build.0 = Release|Any CPU
		{9431E01C-BE85-4705-B207-E716A7CB057E}.Release|Mixed Platforms.ActiveCfg = Release|Any CPU
		{9431E01C-BE85-4705-B207-E716A7CB057E}.Release|Mixed Platforms.Build.0 = Release|Any CPU
		{9431E01C-BE85-4705-B207-E716A7CB057E}.Release|x86.ActiveCfg = Release|Any CPU
		{9431E01C-BE85-4705-B207-E716A7CB057E}.Windows|Any CPU.ActiveCfg = Release|Any CPU
		{9431E01C-BE85-4705-B207-E716A7CB057E}.Windows|Any CPU.Build.0 = Release|Any CPU
		{9431E01C-BE85-4705-B207-E716A7CB057E}.Windows|Mixed Platforms.ActiveCfg = Release|Any CPU
		{9431E01C-BE85-4705-B207-E716A7CB057E}.Windows|Mixed Platforms.Build.0 = Release|Any CPU
		{9431E01C-BE85-4705-B207-E716A7CB057E}.Windows|x86.ActiveCfg = Release|Any CPU
		{9431E01C-BE85-4705-B207-E716A7CB057E}.Windows8|Any CPU.ActiveCfg = Release|Any CPU
		{9431E01C-BE85-4705-B207-E716A7CB057E}.Windows8|Any CPU.Build.0 = Release|Any CPU
		{9431E01C-BE85-4705-B207-E716A7CB057E}.Windows8|Mixed Platforms.ActiveCfg = Release|Any CPU
		{9431E01C-BE85-4705-B207-E716A7CB057E}.Windows8|Mixed Platforms.Build.0 = Release|Any CPU
		{9431E01C-BE85-4705-B207-E716A7CB057E}.Windows8|x86.ActiveCfg = Release|Any CPU
		{1B0F3579-A389-4D64-AD80-6DD994BA664D}.Android|Any CPU.ActiveCfg = Release|Any CPU
		{1B0F3579-A389-4D64-AD80-6DD994BA664D}.Android|Any CPU.Build.0 = Release|Any CPU
		{1B0F3579-A389-4D64-AD80-6DD994BA664D}.Android|Mixed Platforms.ActiveCfg = Release|Any CPU
		{1B0F3579-A389-4D64-AD80-6DD994BA664D}.Android|Mixed Platforms.Build.0 = Release|Any CPU
		{1B0F3579-A389-4D64-AD80-6DD994BA664D}.Android|x86.ActiveCfg = Release|Any CPU
		{1B0F3579-A389-4D64-AD80-6DD994BA664D}.Debug|Any CPU.ActiveCfg = Debug|Any CPU
		{1B0F3579-A389-4D64-AD80-6DD994BA664D}.Debug|Any CPU.Build.0 = Debug|Any CPU
		{1B0F3579-A389-4D64-AD80-6DD994BA664D}.Debug|Mixed Platforms.ActiveCfg = Debug|Any CPU
		{1B0F3579-A389-4D64-AD80-6DD994BA664D}.Debug|Mixed Platforms.Build.0 = Debug|Any CPU
		{1B0F3579-A389-4D64-AD80-6DD994BA664D}.Debug|x86.ActiveCfg = Debug|Any CPU
		{1B0F3579-A389-4D64-AD80-6DD994BA664D}.iOS|Any CPU.ActiveCfg = Release|Any CPU
		{1B0F3579-A389-4D64-AD80-6DD994BA664D}.iOS|Any CPU.Build.0 = Release|Any CPU
		{1B0F3579-A389-4D64-AD80-6DD994BA664D}.iOS|Mixed Platforms.ActiveCfg = Release|Any CPU
		{1B0F3579-A389-4D64-AD80-6DD994BA664D}.iOS|Mixed Platforms.Build.0 = Release|Any CPU
		{1B0F3579-A389-4D64-AD80-6DD994BA664D}.iOS|x86.ActiveCfg = Release|Any CPU
		{1B0F3579-A389-4D64-AD80-6DD994BA664D}.Linux|Any CPU.ActiveCfg = Release|Any CPU
		{1B0F3579-A389-4D64-AD80-6DD994BA664D}.Linux|Any CPU.Build.0 = Release|Any CPU
		{1B0F3579-A389-4D64-AD80-6DD994BA664D}.Linux|Mixed Platforms.ActiveCfg = Release|Any CPU
		{1B0F3579-A389-4D64-AD80-6DD994BA664D}.Linux|Mixed Platforms.Build.0 = Release|Any CPU
		{1B0F3579-A389-4D64-AD80-6DD994BA664D}.Linux|x86.ActiveCfg = Release|Any CPU
		{1B0F3579-A389-4D64-AD80-6DD994BA664D}.OSX|Any CPU.ActiveCfg = Release|Any CPU
		{1B0F3579-A389-4D64-AD80-6DD994BA664D}.OSX|Any CPU.Build.0 = Release|Any CPU
		{1B0F3579-A389-4D64-AD80-6DD994BA664D}.OSX|Mixed Platforms.ActiveCfg = Release|Any CPU
		{1B0F3579-A389-4D64-AD80-6DD994BA664D}.OSX|Mixed Platforms.Build.0 = Release|Any CPU
		{1B0F3579-A389-4D64-AD80-6DD994BA664D}.OSX|x86.ActiveCfg = Release|Any CPU
		{1B0F3579-A389-4D64-AD80-6DD994BA664D}.PSM|Any CPU.ActiveCfg = Release|Any CPU
		{1B0F3579-A389-4D64-AD80-6DD994BA664D}.PSM|Any CPU.Build.0 = Release|Any CPU
		{1B0F3579-A389-4D64-AD80-6DD994BA664D}.PSM|Mixed Platforms.ActiveCfg = Release|Any CPU
		{1B0F3579-A389-4D64-AD80-6DD994BA664D}.PSM|Mixed Platforms.Build.0 = Release|Any CPU
		{1B0F3579-A389-4D64-AD80-6DD994BA664D}.PSM|x86.ActiveCfg = Release|Any CPU
		{1B0F3579-A389-4D64-AD80-6DD994BA664D}.Release|Any CPU.ActiveCfg = Release|Any CPU
		{1B0F3579-A389-4D64-AD80-6DD994BA664D}.Release|Any CPU.Build.0 = Release|Any CPU
		{1B0F3579-A389-4D64-AD80-6DD994BA664D}.Release|Mixed Platforms.ActiveCfg = Release|Any CPU
		{1B0F3579-A389-4D64-AD80-6DD994BA664D}.Release|Mixed Platforms.Build.0 = Release|Any CPU
		{1B0F3579-A389-4D64-AD80-6DD994BA664D}.Release|x86.ActiveCfg = Release|Any CPU
		{1B0F3579-A389-4D64-AD80-6DD994BA664D}.Windows|Any CPU.ActiveCfg = Release|Any CPU
		{1B0F3579-A389-4D64-AD80-6DD994BA664D}.Windows|Any CPU.Build.0 = Release|Any CPU
		{1B0F3579-A389-4D64-AD80-6DD994BA664D}.Windows|Mixed Platforms.ActiveCfg = Release|Any CPU
		{1B0F3579-A389-4D64-AD80-6DD994BA664D}.Windows|Mixed Platforms.Build.0 = Release|Any CPU
		{1B0F3579-A389-4D64-AD80-6DD994BA664D}.Windows|x86.ActiveCfg = Release|Any CPU
		{1B0F3579-A389-4D64-AD80-6DD994BA664D}.Windows8|Any CPU.ActiveCfg = Release|Any CPU
		{1B0F3579-A389-4D64-AD80-6DD994BA664D}.Windows8|Any CPU.Build.0 = Release|Any CPU
		{1B0F3579-A389-4D64-AD80-6DD994BA664D}.Windows8|Mixed Platforms.ActiveCfg = Release|Any CPU
		{1B0F3579-A389-4D64-AD80-6DD994BA664D}.Windows8|Mixed Platforms.Build.0 = Release|Any CPU
		{1B0F3579-A389-4D64-AD80-6DD994BA664D}.Windows8|x86.ActiveCfg = Release|Any CPU
		{5485967A-9F65-4409-9D69-CC08DEFDECE2}.Android|Any CPU.ActiveCfg = Release|Any CPU
		{5485967A-9F65-4409-9D69-CC08DEFDECE2}.Android|Any CPU.Build.0 = Release|Any CPU
		{5485967A-9F65-4409-9D69-CC08DEFDECE2}.Android|Mixed Platforms.ActiveCfg = Release|Any CPU
		{5485967A-9F65-4409-9D69-CC08DEFDECE2}.Android|Mixed Platforms.Build.0 = Release|Any CPU
		{5485967A-9F65-4409-9D69-CC08DEFDECE2}.Android|x86.ActiveCfg = Release|Any CPU
		{5485967A-9F65-4409-9D69-CC08DEFDECE2}.Debug|Any CPU.ActiveCfg = Debug|Any CPU
		{5485967A-9F65-4409-9D69-CC08DEFDECE2}.Debug|Any CPU.Build.0 = Debug|Any CPU
		{5485967A-9F65-4409-9D69-CC08DEFDECE2}.Debug|Mixed Platforms.ActiveCfg = Debug|Any CPU
		{5485967A-9F65-4409-9D69-CC08DEFDECE2}.Debug|Mixed Platforms.Build.0 = Debug|Any CPU
		{5485967A-9F65-4409-9D69-CC08DEFDECE2}.Debug|x86.ActiveCfg = Debug|Any CPU
		{5485967A-9F65-4409-9D69-CC08DEFDECE2}.iOS|Any CPU.ActiveCfg = Release|Any CPU
		{5485967A-9F65-4409-9D69-CC08DEFDECE2}.iOS|Any CPU.Build.0 = Release|Any CPU
		{5485967A-9F65-4409-9D69-CC08DEFDECE2}.iOS|Mixed Platforms.ActiveCfg = Release|Any CPU
		{5485967A-9F65-4409-9D69-CC08DEFDECE2}.iOS|Mixed Platforms.Build.0 = Release|Any CPU
		{5485967A-9F65-4409-9D69-CC08DEFDECE2}.iOS|x86.ActiveCfg = Release|Any CPU
		{5485967A-9F65-4409-9D69-CC08DEFDECE2}.Linux|Any CPU.ActiveCfg = Release|Any CPU
		{5485967A-9F65-4409-9D69-CC08DEFDECE2}.Linux|Any CPU.Build.0 = Release|Any CPU
		{5485967A-9F65-4409-9D69-CC08DEFDECE2}.Linux|Mixed Platforms.ActiveCfg = Release|Any CPU
		{5485967A-9F65-4409-9D69-CC08DEFDECE2}.Linux|Mixed Platforms.Build.0 = Release|Any CPU
		{5485967A-9F65-4409-9D69-CC08DEFDECE2}.Linux|x86.ActiveCfg = Release|Any CPU
		{5485967A-9F65-4409-9D69-CC08DEFDECE2}.OSX|Any CPU.ActiveCfg = Release|Any CPU
		{5485967A-9F65-4409-9D69-CC08DEFDECE2}.OSX|Any CPU.Build.0 = Release|Any CPU
		{5485967A-9F65-4409-9D69-CC08DEFDECE2}.OSX|Mixed Platforms.ActiveCfg = Release|Any CPU
		{5485967A-9F65-4409-9D69-CC08DEFDECE2}.OSX|Mixed Platforms.Build.0 = Release|Any CPU
		{5485967A-9F65-4409-9D69-CC08DEFDECE2}.OSX|x86.ActiveCfg = Release|Any CPU
		{5485967A-9F65-4409-9D69-CC08DEFDECE2}.PSM|Any CPU.ActiveCfg = Release|Any CPU
		{5485967A-9F65-4409-9D69-CC08DEFDECE2}.PSM|Any CPU.Build.0 = Release|Any CPU
		{5485967A-9F65-4409-9D69-CC08DEFDECE2}.PSM|Mixed Platforms.ActiveCfg = Release|Any CPU
		{5485967A-9F65-4409-9D69-CC08DEFDECE2}.PSM|Mixed Platforms.Build.0 = Release|Any CPU
		{5485967A-9F65-4409-9D69-CC08DEFDECE2}.PSM|x86.ActiveCfg = Release|Any CPU
		{5485967A-9F65-4409-9D69-CC08DEFDECE2}.Release|Any CPU.ActiveCfg = Release|Any CPU
		{5485967A-9F65-4409-9D69-CC08DEFDECE2}.Release|Any CPU.Build.0 = Release|Any CPU
		{5485967A-9F65-4409-9D69-CC08DEFDECE2}.Release|Mixed Platforms.ActiveCfg = Release|Any CPU
		{5485967A-9F65-4409-9D69-CC08DEFDECE2}.Release|Mixed Platforms.Build.0 = Release|Any CPU
		{5485967A-9F65-4409-9D69-CC08DEFDECE2}.Release|x86.ActiveCfg = Release|Any CPU
		{5485967A-9F65-4409-9D69-CC08DEFDECE2}.Windows|Any CPU.ActiveCfg = Release|Any CPU
		{5485967A-9F65-4409-9D69-CC08DEFDECE2}.Windows|Any CPU.Build.0 = Release|Any CPU
		{5485967A-9F65-4409-9D69-CC08DEFDECE2}.Windows|Mixed Platforms.ActiveCfg = Release|Any CPU
		{5485967A-9F65-4409-9D69-CC08DEFDECE2}.Windows|Mixed Platforms.Build.0 = Release|Any CPU
		{5485967A-9F65-4409-9D69-CC08DEFDECE2}.Windows|x86.ActiveCfg = Release|Any CPU
		{5485967A-9F65-4409-9D69-CC08DEFDECE2}.Windows8|Any CPU.ActiveCfg = Release|Any CPU
		{5485967A-9F65-4409-9D69-CC08DEFDECE2}.Windows8|Any CPU.Build.0 = Release|Any CPU
		{5485967A-9F65-4409-9D69-CC08DEFDECE2}.Windows8|Mixed Platforms.ActiveCfg = Release|Any CPU
		{5485967A-9F65-4409-9D69-CC08DEFDECE2}.Windows8|Mixed Platforms.Build.0 = Release|Any CPU
		{5485967A-9F65-4409-9D69-CC08DEFDECE2}.Windows8|x86.ActiveCfg = Release|Any CPU
		{B2D7FC13-17E6-4441-BE3F-E0DC11B52542}.Android|Any CPU.ActiveCfg = Release|Any CPU
		{B2D7FC13-17E6-4441-BE3F-E0DC11B52542}.Android|Any CPU.Build.0 = Release|Any CPU
		{B2D7FC13-17E6-4441-BE3F-E0DC11B52542}.Android|Mixed Platforms.ActiveCfg = Release|Any CPU
		{B2D7FC13-17E6-4441-BE3F-E0DC11B52542}.Android|Mixed Platforms.Build.0 = Release|Any CPU
		{B2D7FC13-17E6-4441-BE3F-E0DC11B52542}.Android|x86.ActiveCfg = Release|Any CPU
		{B2D7FC13-17E6-4441-BE3F-E0DC11B52542}.Debug|Any CPU.ActiveCfg = Debug|Any CPU
		{B2D7FC13-17E6-4441-BE3F-E0DC11B52542}.Debug|Any CPU.Build.0 = Debug|Any CPU
		{B2D7FC13-17E6-4441-BE3F-E0DC11B52542}.Debug|Mixed Platforms.ActiveCfg = Debug|Any CPU
		{B2D7FC13-17E6-4441-BE3F-E0DC11B52542}.Debug|Mixed Platforms.Build.0 = Debug|Any CPU
		{B2D7FC13-17E6-4441-BE3F-E0DC11B52542}.Debug|x86.ActiveCfg = Debug|Any CPU
		{B2D7FC13-17E6-4441-BE3F-E0DC11B52542}.iOS|Any CPU.ActiveCfg = Release|Any CPU
		{B2D7FC13-17E6-4441-BE3F-E0DC11B52542}.iOS|Any CPU.Build.0 = Release|Any CPU
		{B2D7FC13-17E6-4441-BE3F-E0DC11B52542}.iOS|Mixed Platforms.ActiveCfg = Release|Any CPU
		{B2D7FC13-17E6-4441-BE3F-E0DC11B52542}.iOS|Mixed Platforms.Build.0 = Release|Any CPU
		{B2D7FC13-17E6-4441-BE3F-E0DC11B52542}.iOS|x86.ActiveCfg = Release|Any CPU
		{B2D7FC13-17E6-4441-BE3F-E0DC11B52542}.Linux|Any CPU.ActiveCfg = Release|Any CPU
		{B2D7FC13-17E6-4441-BE3F-E0DC11B52542}.Linux|Any CPU.Build.0 = Release|Any CPU
		{B2D7FC13-17E6-4441-BE3F-E0DC11B52542}.Linux|Mixed Platforms.ActiveCfg = Release|Any CPU
		{B2D7FC13-17E6-4441-BE3F-E0DC11B52542}.Linux|Mixed Platforms.Build.0 = Release|Any CPU
		{B2D7FC13-17E6-4441-BE3F-E0DC11B52542}.Linux|x86.ActiveCfg = Release|Any CPU
		{B2D7FC13-17E6-4441-BE3F-E0DC11B52542}.OSX|Any CPU.ActiveCfg = Release|Any CPU
		{B2D7FC13-17E6-4441-BE3F-E0DC11B52542}.OSX|Any CPU.Build.0 = Release|Any CPU
		{B2D7FC13-17E6-4441-BE3F-E0DC11B52542}.OSX|Mixed Platforms.ActiveCfg = Release|Any CPU
		{B2D7FC13-17E6-4441-BE3F-E0DC11B52542}.OSX|Mixed Platforms.Build.0 = Release|Any CPU
		{B2D7FC13-17E6-4441-BE3F-E0DC11B52542}.OSX|x86.ActiveCfg = Release|Any CPU
		{B2D7FC13-17E6-4441-BE3F-E0DC11B52542}.PSM|Any CPU.ActiveCfg = Release|Any CPU
		{B2D7FC13-17E6-4441-BE3F-E0DC11B52542}.PSM|Any CPU.Build.0 = Release|Any CPU
		{B2D7FC13-17E6-4441-BE3F-E0DC11B52542}.PSM|Mixed Platforms.ActiveCfg = Release|Any CPU
		{B2D7FC13-17E6-4441-BE3F-E0DC11B52542}.PSM|Mixed Platforms.Build.0 = Release|Any CPU
		{B2D7FC13-17E6-4441-BE3F-E0DC11B52542}.PSM|x86.ActiveCfg = Release|Any CPU
		{B2D7FC13-17E6-4441-BE3F-E0DC11B52542}.Release|Any CPU.ActiveCfg = Release|Any CPU
		{B2D7FC13-17E6-4441-BE3F-E0DC11B52542}.Release|Any CPU.Build.0 = Release|Any CPU
		{B2D7FC13-17E6-4441-BE3F-E0DC11B52542}.Release|Mixed Platforms.ActiveCfg = Release|Any CPU
		{B2D7FC13-17E6-4441-BE3F-E0DC11B52542}.Release|Mixed Platforms.Build.0 = Release|Any CPU
		{B2D7FC13-17E6-4441-BE3F-E0DC11B52542}.Release|x86.ActiveCfg = Release|Any CPU
		{B2D7FC13-17E6-4441-BE3F-E0DC11B52542}.Windows|Any CPU.ActiveCfg = Release|Any CPU
		{B2D7FC13-17E6-4441-BE3F-E0DC11B52542}.Windows|Any CPU.Build.0 = Release|Any CPU
		{B2D7FC13-17E6-4441-BE3F-E0DC11B52542}.Windows|Mixed Platforms.ActiveCfg = Release|Any CPU
		{B2D7FC13-17E6-4441-BE3F-E0DC11B52542}.Windows|Mixed Platforms.Build.0 = Release|Any CPU
		{B2D7FC13-17E6-4441-BE3F-E0DC11B52542}.Windows|x86.ActiveCfg = Release|Any CPU
		{B2D7FC13-17E6-4441-BE3F-E0DC11B52542}.Windows8|Any CPU.ActiveCfg = Release|Any CPU
		{B2D7FC13-17E6-4441-BE3F-E0DC11B52542}.Windows8|Any CPU.Build.0 = Release|Any CPU
		{B2D7FC13-17E6-4441-BE3F-E0DC11B52542}.Windows8|Mixed Platforms.ActiveCfg = Release|Any CPU
		{B2D7FC13-17E6-4441-BE3F-E0DC11B52542}.Windows8|Mixed Platforms.Build.0 = Release|Any CPU
		{B2D7FC13-17E6-4441-BE3F-E0DC11B52542}.Windows8|x86.ActiveCfg = Release|Any CPU
		{D90ACB9D-549F-495F-ABDE-EB425B1A3A53}.Android|Any CPU.ActiveCfg = Release|Any CPU
		{D90ACB9D-549F-495F-ABDE-EB425B1A3A53}.Android|Any CPU.Build.0 = Release|Any CPU
		{D90ACB9D-549F-495F-ABDE-EB425B1A3A53}.Android|Mixed Platforms.ActiveCfg = Release|Any CPU
		{D90ACB9D-549F-495F-ABDE-EB425B1A3A53}.Android|Mixed Platforms.Build.0 = Release|Any CPU
		{D90ACB9D-549F-495F-ABDE-EB425B1A3A53}.Android|x86.ActiveCfg = Release|Any CPU
		{D90ACB9D-549F-495F-ABDE-EB425B1A3A53}.Debug|Any CPU.ActiveCfg = Debug|Any CPU
		{D90ACB9D-549F-495F-ABDE-EB425B1A3A53}.Debug|Any CPU.Build.0 = Debug|Any CPU
		{D90ACB9D-549F-495F-ABDE-EB425B1A3A53}.Debug|Mixed Platforms.ActiveCfg = Debug|Any CPU
		{D90ACB9D-549F-495F-ABDE-EB425B1A3A53}.Debug|Mixed Platforms.Build.0 = Debug|Any CPU
		{D90ACB9D-549F-495F-ABDE-EB425B1A3A53}.Debug|x86.ActiveCfg = Debug|Any CPU
		{D90ACB9D-549F-495F-ABDE-EB425B1A3A53}.iOS|Any CPU.ActiveCfg = Release|Any CPU
		{D90ACB9D-549F-495F-ABDE-EB425B1A3A53}.iOS|Any CPU.Build.0 = Release|Any CPU
		{D90ACB9D-549F-495F-ABDE-EB425B1A3A53}.iOS|Mixed Platforms.ActiveCfg = Release|Any CPU
		{D90ACB9D-549F-495F-ABDE-EB425B1A3A53}.iOS|Mixed Platforms.Build.0 = Release|Any CPU
		{D90ACB9D-549F-495F-ABDE-EB425B1A3A53}.iOS|x86.ActiveCfg = Release|Any CPU
		{D90ACB9D-549F-495F-ABDE-EB425B1A3A53}.Linux|Any CPU.ActiveCfg = Release|Any CPU
		{D90ACB9D-549F-495F-ABDE-EB425B1A3A53}.Linux|Any CPU.Build.0 = Release|Any CPU
		{D90ACB9D-549F-495F-ABDE-EB425B1A3A53}.Linux|Mixed Platforms.ActiveCfg = Release|Any CPU
		{D90ACB9D-549F-495F-ABDE-EB425B1A3A53}.Linux|Mixed Platforms.Build.0 = Release|Any CPU
		{D90ACB9D-549F-495F-ABDE-EB425B1A3A53}.Linux|x86.ActiveCfg = Release|Any CPU
		{D90ACB9D-549F-495F-ABDE-EB425B1A3A53}.OSX|Any CPU.ActiveCfg = Release|Any CPU
		{D90ACB9D-549F-495F-ABDE-EB425B1A3A53}.OSX|Any CPU.Build.0 = Release|Any CPU
		{D90ACB9D-549F-495F-ABDE-EB425B1A3A53}.OSX|Mixed Platforms.ActiveCfg = Release|Any CPU
		{D90ACB9D-549F-495F-ABDE-EB425B1A3A53}.OSX|Mixed Platforms.Build.0 = Release|Any CPU
		{D90ACB9D-549F-495F-ABDE-EB425B1A3A53}.OSX|x86.ActiveCfg = Release|Any CPU
		{D90ACB9D-549F-495F-ABDE-EB425B1A3A53}.PSM|Any CPU.ActiveCfg = Release|Any CPU
		{D90ACB9D-549F-495F-ABDE-EB425B1A3A53}.PSM|Any CPU.Build.0 = Release|Any CPU
		{D90ACB9D-549F-495F-ABDE-EB425B1A3A53}.PSM|Mixed Platforms.ActiveCfg = Release|Any CPU
		{D90ACB9D-549F-495F-ABDE-EB425B1A3A53}.PSM|Mixed Platforms.Build.0 = Release|Any CPU
		{D90ACB9D-549F-495F-ABDE-EB425B1A3A53}.PSM|x86.ActiveCfg = Release|Any CPU
		{D90ACB9D-549F-495F-ABDE-EB425B1A3A53}.Release|Any CPU.ActiveCfg = Release|Any CPU
		{D90ACB9D-549F-495F-ABDE-EB425B1A3A53}.Release|Any CPU.Build.0 = Release|Any CPU
		{D90ACB9D-549F-495F-ABDE-EB425B1A3A53}.Release|Mixed Platforms.ActiveCfg = Release|Any CPU
		{D90ACB9D-549F-495F-ABDE-EB425B1A3A53}.Release|Mixed Platforms.Build.0 = Release|Any CPU
		{D90ACB9D-549F-495F-ABDE-EB425B1A3A53}.Release|x86.ActiveCfg = Release|Any CPU
		{D90ACB9D-549F-495F-ABDE-EB425B1A3A53}.Windows|Any CPU.ActiveCfg = Release|Any CPU
		{D90ACB9D-549F-495F-ABDE-EB425B1A3A53}.Windows|Any CPU.Build.0 = Release|Any CPU
		{D90ACB9D-549F-495F-ABDE-EB425B1A3A53}.Windows|Mixed Platforms.ActiveCfg = Release|Any CPU
		{D90ACB9D-549F-495F-ABDE-EB425B1A3A53}.Windows|Mixed Platforms.Build.0 = Release|Any CPU
		{D90ACB9D-549F-495F-ABDE-EB425B1A3A53}.Windows|x86.ActiveCfg = Release|Any CPU
		{D90ACB9D-549F-495F-ABDE-EB425B1A3A53}.Windows8|Any CPU.ActiveCfg = Release|Any CPU
		{D90ACB9D-549F-495F-ABDE-EB425B1A3A53}.Windows8|Any CPU.Build.0 = Release|Any CPU
		{D90ACB9D-549F-495F-ABDE-EB425B1A3A53}.Windows8|Mixed Platforms.ActiveCfg = Release|Any CPU
		{D90ACB9D-549F-495F-ABDE-EB425B1A3A53}.Windows8|Mixed Platforms.Build.0 = Release|Any CPU
		{D90ACB9D-549F-495F-ABDE-EB425B1A3A53}.Windows8|x86.ActiveCfg = Release|Any CPU
	EndGlobalSection
	GlobalSection(SolutionProperties) = preSolution
		HideSolutionNode = FALSE
	EndGlobalSection
EndGlobal
